
Microsoft Visual Studio Solution File, Format Version 12.00
# Visual Studio Version 17
VisualStudioVersion = 17.14.36518.9 d17.14
MinimumVisualStudioVersion = 10.0.40219.1
Project("{FAE04EC0-301F-11D3-BF4B-00C04F79EFBC}") = "web", "src\web\web.csproj", "{74D96E9D-66D6-43DC-9401-D7BE67EEBC1E}"
EndProject
Global
	GlobalSection(SolutionConfigurationPlatforms) = preSolution
		Debug|Any CPU = Debug|Any CPU
		Release|Any CPU = Release|Any CPU
	EndGlobalSection
	GlobalSection(ProjectConfigurationPlatforms) = postSolution
		{74D96E9D-66D6-43DC-9401-D7BE67EEBC1E}.Debug|Any CPU.ActiveCfg = Debug|Any CPU
		{74D96E9D-66D6-43DC-9401-D7BE67EEBC1E}.Debug|Any CPU.Build.0 = Debug|Any CPU
		{74D96E9D-66D6-43DC-9401-D7BE67EEBC1E}.Release|Any CPU.ActiveCfg = Release|Any CPU
		{74D96E9D-66D6-43DC-9401-D7BE67EEBC1E}.Release|Any CPU.Build.0 = Release|Any CPU
	EndGlobalSection
	GlobalSection(SolutionProperties) = preSolution
		HideSolutionNode = FALSE
	EndGlobalSection
	GlobalSection(ExtensibilityGlobals) = postSolution
		SolutionGuid = {2199FB11-0651-4462-9AD2-E87F3F1C58E0}
	EndGlobalSection
EndGlobal
